dependencies:
- name: loki
  repository: https://grafana.github.io/helm-charts
  version: 6.38.0
- name: kube-prometheus-stack
  repository: https://prometheus-community.github.io/helm-charts
  version: 75.6.1
digest: sha256:1f2259dbc7f29cc0256fd22e5317339726c563b70da58e5bb363487442628c14
generated: "2025-09-07T22:30:10.038919798+02:00"
